
Microsoft Visual Studio Solution File, Format Version 12.00
# Visual Studio 15
Project("{FAE04EC0-301F-11D3-BF4B-00C04F79EFBC}") = "Assembly-CSharp", "Assembly-CSharp.csproj", "{F2E25E3D-353C-C649-D175-822A334C1E3C}"
EndProject
Project("{FAE04EC0-301F-11D3-BF4B-00C04F79EFBC}") = "Assembly-CSharp-firstpass", "Assembly-CSharp-firstpass.csproj", "{159C0366-1631-0358-5AAB-1271A5B53D02}"
EndProject
Project("{FAE04EC0-301F-11D3-BF4B-00C04F79EFBC}") = "Assembly-CSharp-Editor", "Assembly-CSharp-Editor.csproj", "{253FBE14-4035-2927-3084-9FBE9E51B336}"
EndProject
Global
	GlobalSection(SolutionConfigurationPlatforms) = preSolution
		Debug|Any CPU = Debug|Any CPU
		Release|Any CPU = Release|Any CPU
	EndGlobalSection
	GlobalSection(ProjectConfigurationPlatforms) = postSolution
		{F2E25E3D-353C-C649-D175-822A334C1E3C}.Debug|Any CPU.ActiveCfg = Debug|Any CPU
		{F2E25E3D-353C-C649-D175-822A334C1E3C}.Debug|Any CPU.Build.0 = Debug|Any CPU
		{F2E25E3D-353C-C649-D175-822A334C1E3C}.Release|Any CPU.ActiveCfg = Release|Any CPU
		{F2E25E3D-353C-C649-D175-822A334C1E3C}.Release|Any CPU.Build.0 = Release|Any CPU
		{159C0366-1631-0358-5AAB-1271A5B53D02}.Debug|Any CPU.ActiveCfg = Debug|Any CPU
		{159C0366-1631-0358-5AAB-1271A5B53D02}.Debug|Any CPU.Build.0 = Debug|Any CPU
		{159C0366-1631-0358-5AAB-1271A5B53D02}.Release|Any CPU.ActiveCfg = Release|Any CPU
		{159C0366-1631-0358-5AAB-1271A5B53D02}.Release|Any CPU.Build.0 = Release|Any CPU
		{253FBE14-4035-2927-3084-9FBE9E51B336}.Debug|Any CPU.ActiveCfg = Debug|Any CPU
		{253FBE14-4035-2927-3084-9FBE9E51B336}.Debug|Any CPU.Build.0 = Debug|Any CPU
		{253FBE14-4035-2927-3084-9FBE9E51B336}.Release|Any CPU.ActiveCfg = Release|Any CPU
		{253FBE14-4035-2927-3084-9FBE9E51B336}.Release|Any CPU.Build.0 = Release|Any CPU
	EndGlobalSection
	GlobalSection(SolutionProperties) = preSolution
		HideSolutionNode = FALSE
	EndGlobalSection
EndGlobal
